
Microsoft Visual Studio Solution File, Format Version 12.00
# Visual Studio Version 17
VisualStudioVersion = 17.3.32825.248
MinimumVisualStudioVersion = 10.0.40219.1
Project("{FAE04EC0-301F-11D3-BF4B-00C04F79EFBC}") = "Proje08_Hatakontrolu", "Proje08_Hatakontrolu.csproj", "{FF4B31B1-EEAB-4AD3-8A9B-191D46B82664}"
EndProject
Global
	GlobalSection(SolutionConfigurationPlatforms) = preSolution
		Debug|Any CPU = Debug|Any CPU
		Release|Any CPU = Release|Any CPU
	EndGlobalSection
	GlobalSection(ProjectConfigurationPlatforms) = postSolution
		{FF4B31B1-EEAB-4AD3-8A9B-191D46B82664}.Debug|Any CPU.ActiveCfg = Debug|Any CPU
		{FF4B31B1-EEAB-4AD3-8A9B-191D46B82664}.Debug|Any CPU.Build.0 = Debug|Any CPU
		{FF4B31B1-EEAB-4AD3-8A9B-191D46B82664}.Release|Any CPU.ActiveCfg = Release|Any CPU
		{FF4B31B1-EEAB-4AD3-8A9B-191D46B82664}.Release|Any CPU.Build.0 = Release|Any CPU
	EndGlobalSection
	GlobalSection(SolutionProperties) = preSolution
		HideSolutionNode = FALSE
	EndGlobalSection
	GlobalSection(ExtensibilityGlobals) = postSolution
		SolutionGuid = {B0CC4DC4-2315-40CE-B169-8645B6D9E7FE}
	EndGlobalSection
EndGlobal
