
Microsoft Visual Studio Solution File, Format Version 12.00
# Visual Studio Version 17
VisualStudioVersion = 17.4.33122.133
MinimumVisualStudioVersion = 10.0.40219.1
Project("{FAE04EC0-301F-11D3-BF4B-00C04F79EFBC}") = "Solid06_DependencyInversion", "Solid06_DependencyInversion.csproj", "{B2A372F9-806A-4C25-A5AB-2F0E465144B6}"
EndProject
Global
	GlobalSection(SolutionConfigurationPlatforms) = preSolution
		Debug|Any CPU = Debug|Any CPU
		Release|Any CPU = Release|Any CPU
	EndGlobalSection
	GlobalSection(ProjectConfigurationPlatforms) = postSolution
		{B2A372F9-806A-4C25-A5AB-2F0E465144B6}.Debug|Any CPU.ActiveCfg = Debug|Any CPU
		{B2A372F9-806A-4C25-A5AB-2F0E465144B6}.Debug|Any CPU.Build.0 = Debug|Any CPU
		{B2A372F9-806A-4C25-A5AB-2F0E465144B6}.Release|Any CPU.ActiveCfg = Release|Any CPU
		{B2A372F9-806A-4C25-A5AB-2F0E465144B6}.Release|Any CPU.Build.0 = Release|Any CPU
	EndGlobalSection
	GlobalSection(SolutionProperties) = preSolution
		HideSolutionNode = FALSE
	EndGlobalSection
	GlobalSection(ExtensibilityGlobals) = postSolution
		SolutionGuid = {06DF2DF1-BA66-4DB8-88E3-8A425C50BF5D}
	EndGlobalSection
EndGlobal
