
Microsoft Visual Studio Solution File, Format Version 12.00
# Visual Studio Version 17
VisualStudioVersion = 17.0.31903.59
MinimumVisualStudioVersion = 10.0.40219.1
Project("{9A19103F-16F7-4668-BE54-9A1E7A4F7556}") = "DiariesFoodApp.Business", "DiariesFoodApp.Business\DiariesFoodApp.Business.csproj", "{EE67775E-9FA5-498A-90F0-EDE4ADDD50E6}"
EndProject
Project("{9A19103F-16F7-4668-BE54-9A1E7A4F7556}") = "ShoppingApp.Core", "DiariesFoodApp.Core\ShoppingApp.Core.csproj", "{300E7566-3A6C-4BBE-8559-9B48724217DD}"
EndProject
Project("{9A19103F-16F7-4668-BE54-9A1E7A4F7556}") = "DiariesFoodApp.Data", "DiariesFoodApp.Data\DiariesFoodApp.Data.csproj", "{2DAC0BA4-20D0-4F51-B591-8B1CEFE96642}"
EndProject
Project("{9A19103F-16F7-4668-BE54-9A1E7A4F7556}") = "DiariesFoodApp.Entity", "DiariesFoodApp.Entity\DiariesFoodApp.Entity.csproj", "{C4507919-43E5-41A8-9777-5A046F6D1F63}"
EndProject
Project("{9A19103F-16F7-4668-BE54-9A1E7A4F7556}") = "DiariesFoodApp.Web", "DiariesFoodApp.Web\DiariesFoodApp.Web.csproj", "{0323D175-CB6A-42F0-8563-D4FCE020ACF0}"
EndProject
Global
	GlobalSection(SolutionConfigurationPlatforms) = preSolution
		Debug|Any CPU = Debug|Any CPU
		Release|Any CPU = Release|Any CPU
	EndGlobalSection
	GlobalSection(ProjectConfigurationPlatforms) = postSolution
		{EE67775E-9FA5-498A-90F0-EDE4ADDD50E6}.Debug|Any CPU.ActiveCfg = Debug|Any CPU
		{EE67775E-9FA5-498A-90F0-EDE4ADDD50E6}.Debug|Any CPU.Build.0 = Debug|Any CPU
		{EE67775E-9FA5-498A-90F0-EDE4ADDD50E6}.Release|Any CPU.ActiveCfg = Release|Any CPU
		{EE67775E-9FA5-498A-90F0-EDE4ADDD50E6}.Release|Any CPU.Build.0 = Release|Any CPU
		{300E7566-3A6C-4BBE-8559-9B48724217DD}.Debug|Any CPU.ActiveCfg = Debug|Any CPU
		{300E7566-3A6C-4BBE-8559-9B48724217DD}.Debug|Any CPU.Build.0 = Debug|Any CPU
		{300E7566-3A6C-4BBE-8559-9B48724217DD}.Release|Any CPU.ActiveCfg = Release|Any CPU
		{300E7566-3A6C-4BBE-8559-9B48724217DD}.Release|Any CPU.Build.0 = Release|Any CPU
		{2DAC0BA4-20D0-4F51-B591-8B1CEFE96642}.Debug|Any CPU.ActiveCfg = Debug|Any CPU
		{2DAC0BA4-20D0-4F51-B591-8B1CEFE96642}.Debug|Any CPU.Build.0 = Debug|Any CPU
		{2DAC0BA4-20D0-4F51-B591-8B1CEFE96642}.Release|Any CPU.ActiveCfg = Release|Any CPU
		{2DAC0BA4-20D0-4F51-B591-8B1CEFE96642}.Release|Any CPU.Build.0 = Release|Any CPU
		{C4507919-43E5-41A8-9777-5A046F6D1F63}.Debug|Any CPU.ActiveCfg = Debug|Any CPU
		{C4507919-43E5-41A8-9777-5A046F6D1F63}.Debug|Any CPU.Build.0 = Debug|Any CPU
		{C4507919-43E5-41A8-9777-5A046F6D1F63}.Release|Any CPU.ActiveCfg = Release|Any CPU
		{C4507919-43E5-41A8-9777-5A046F6D1F63}.Release|Any CPU.Build.0 = Release|Any CPU
		{0323D175-CB6A-42F0-8563-D4FCE020ACF0}.Debug|Any CPU.ActiveCfg = Debug|Any CPU
		{0323D175-CB6A-42F0-8563-D4FCE020ACF0}.Debug|Any CPU.Build.0 = Debug|Any CPU
		{0323D175-CB6A-42F0-8563-D4FCE020ACF0}.Release|Any CPU.ActiveCfg = Release|Any CPU
		{0323D175-CB6A-42F0-8563-D4FCE020ACF0}.Release|Any CPU.Build.0 = Release|Any CPU
	EndGlobalSection
	GlobalSection(SolutionProperties) = preSolution
		HideSolutionNode = FALSE
	EndGlobalSection
	GlobalSection(ExtensibilityGlobals) = postSolution
		SolutionGuid = {A3C310F1-FA8C-4E9C-B839-8DC848846A3A}
	EndGlobalSection
EndGlobal
