
Microsoft Visual Studio Solution File, Format Version 12.00
# Visual Studio Version 17
VisualStudioVersion = 17.3.32825.248
MinimumVisualStudioVersion = 10.0.40219.1
Project("{FAE04EC0-301F-11D3-BF4B-00C04F79EFBC}") = "Proje03_DegiskenOrnekleri", "Proje03_DegiskenOrnekleri.csproj", "{CA73F794-D5ED-42E6-9B4D-861D11F0019A}"
EndProject
Global
	GlobalSection(SolutionConfigurationPlatforms) = preSolution
		Debug|Any CPU = Debug|Any CPU
		Release|Any CPU = Release|Any CPU
	EndGlobalSection
	GlobalSection(ProjectConfigurationPlatforms) = postSolution
		{CA73F794-D5ED-42E6-9B4D-861D11F0019A}.Debug|Any CPU.ActiveCfg = Debug|Any CPU
		{CA73F794-D5ED-42E6-9B4D-861D11F0019A}.Debug|Any CPU.Build.0 = Debug|Any CPU
		{CA73F794-D5ED-42E6-9B4D-861D11F0019A}.Release|Any CPU.ActiveCfg = Release|Any CPU
		{CA73F794-D5ED-42E6-9B4D-861D11F0019A}.Release|Any CPU.Build.0 = Release|Any CPU
	EndGlobalSection
	GlobalSection(SolutionProperties) = preSolution
		HideSolutionNode = FALSE
	EndGlobalSection
	GlobalSection(ExtensibilityGlobals) = postSolution
		SolutionGuid = {D9B8581F-EC24-4A82-979A-01A29CCF8685}
	EndGlobalSection
EndGlobal
